// !$*UTF8*$!
{
	archiveVersion = 1;
	classes = {
	};
	objectVersion = 50;
	objects = {

/* Begin PBXBuildFile section */
		11DF35E123B65AEB009874FE /* AppDelegate.swift in Sources */ = {isa = PBXBuildFile; fileRef = 11DF35E023B65AEB009874FE /* AppDelegate.swift */; };
		11DF35E323B65AEB009874FE /* SceneDelegate.swift in Sources */ = {isa = PBXBuildFile; fileRef = 11DF35E223B65AEB009874FE /* SceneDelegate.swift */; };
		11DF35EB23B65AEB009874FE /* ios_project_example.xcdatamodeld in Sources */ = {isa = PBXBuildFile; fileRef = 11DF35E923B65AEB009874FE /* ios_project_example.xcdatamodeld */; };
		11DF35ED23B65AED009874FE /* Assets.xcassets in Resources */ = {isa = PBXBuildFile; fileRef = 11DF35EC23B65AED009874FE /* Assets.xcassets */; };
		11DF360623B669FF009874FE /* LaunchScreen.storyboard in Resources */ = {isa = PBXBuildFile; fileRef = 11DF360523B669FE009874FE /* LaunchScreen.storyboard */; };
		11DF361123B7E1F6009874FE /* iOSPE_Unit_Tests.swift in Sources */ = {isa = PBXBuildFile; fileRef = 11DF361023B7E1F6009874FE /* iOSPE_Unit_Tests.swift */; };
		11FD30E823B7E71000F55560 /* main.swift in Sources */ = {isa = PBXBuildFile; fileRef = 11FD30E723B7E71000F55560 /* main.swift */; };
/* End PBXBuildFile section */

/* Begin PBXContainerItemProxy section */
		11DF361323B7E1F6009874FE /* PBXContainerItemProxy */ = {
			isa = PBXContainerItemProxy;
			containerPortal = 11DF35D523B65AEB009874FE /* Project object */;
			proxyType = 1;
			remoteGlobalIDString = 11DF35DC23B65AEB009874FE;
			remoteInfo = "ios-project-example";
		};
/* End PBXContainerItemProxy section */

/* Begin PBXFileReference section */
		11DF35DD23B65AEB009874FE /* iOSPE.app */ = {isa = PBXFileReference; explicitFileType = wrapper.application; includeInIndex = 0; path = iOSPE.app; sourceTree = BUILT_PRODUCTS_DIR; };
		11DF35E023B65AEB009874FE /* AppDelegate.swift */ = {isa = PBXFileReference; lastKnownFileType = sourcecode.swift; path = AppDelegate.swift; sourceTree = "<group>"; };
		11DF35E223B65AEB009874FE /* SceneDelegate.swift */ = {isa = PBXFileReference; lastKnownFileType = sourcecode.swift; path = SceneDelegate.swift; sourceTree = "<group>"; };
		11DF35EA23B65AEB009874FE /* ios_project_example.xcdatamodel */ = {isa = PBXFileReference; lastKnownFileType = wrapper.xcdatamodel; path = ios_project_example.xcdatamodel; sourceTree = "<group>"; };
		11DF35EC23B65AED009874FE /* Assets.xcassets */ = {isa = PBXFileReference; lastKnownFileType = folder.assetcatalog; path = Assets.xcassets; sourceTree = "<group>"; };
		11DF35F123B65AED009874FE /* Info.plist */ = {isa = PBXFileReference; lastKnownFileType = text.plist.xml; path = Info.plist; sourceTree = "<group>"; };
		11DF360523B669FE009874FE /* LaunchScreen.storyboard */ = {isa = PBXFileReference; fileEncoding = 4; lastKnownFileType = file.storyboard; path = LaunchScreen.storyboard; sourceTree = "<group>"; };
		11DF360E23B7E1F6009874FE /* iOSPE-Unit-Tests.xctest */ = {isa = PBXFileReference; explicitFileType = wrapper.cfbundle; includeInIndex = 0; path = "iOSPE-Unit-Tests.xctest"; sourceTree = BUILT_PRODUCTS_DIR; };
		11DF361023B7E1F6009874FE /* iOSPE_Unit_Tests.swift */ = {isa = PBXFileReference; lastKnownFileType = sourcecode.swift; path = iOSPE_Unit_Tests.swift; sourceTree = "<group>"; };
		11DF361223B7E1F6009874FE /* Info.plist */ = {isa = PBXFileReference; lastKnownFileType = text.plist.xml; path = Info.plist; sourceTree = "<group>"; };
		11FD30E723B7E71000F55560 /* main.swift */ = {isa = PBXFileReference; lastKnownFileType = sourcecode.swift; path = main.swift; sourceTree = "<group>"; };
/* End PBXFileReference section */

/* Begin PBXFrameworksBuildPhase section */
		11DF35DA23B65AEB009874FE /* Frameworks */ = {
			isa = PBXFrameworksBuildPhase;
			buildActionMask = 2147483647;
			files = (
			);
			runOnlyForDeploymentPostprocessing = 0;
		};
		11DF360B23B7E1F6009874FE /* Frameworks */ = {
			isa = PBXFrameworksBuildPhase;
			buildActionMask = 2147483647;
			files = (
			);
			runOnlyForDeploymentPostprocessing = 0;
		};
/* End PBXFrameworksBuildPhase section */

/* Begin PBXGroup section */
		11DF35D423B65AEB009874FE = {
			isa = PBXGroup;
			children = (
				11DF35DF23B65AEB009874FE /* ios-project-example */,
				11DF360F23B7E1F6009874FE /* iOSPE-Unit-Tests */,
				11DF35DE23B65AEB009874FE /* Products */,
			);
			sourceTree = "<group>";
		};
		11DF35DE23B65AEB009874FE /* Products */ = {
			isa = PBXGroup;
			children = (
				11DF35DD23B65AEB009874FE /* iOSPE.app */,
				11DF360E23B7E1F6009874FE /* iOSPE-Unit-Tests.xctest */,
			);
			name = Products;
			sourceTree = "<group>";
		};
		11DF35DF23B65AEB009874FE /* ios-project-example */ = {
			isa = PBXGroup;
			children = (
				11DF360723B6732B009874FE /* Application */,
				11DF35F123B65AED009874FE /* Info.plist */,
				11DF35E923B65AEB009874FE /* ios_project_example.xcdatamodeld */,
			);
			path = "ios-project-example";
			sourceTree = "<group>";
		};
		11DF360723B6732B009874FE /* Application */ = {
			isa = PBXGroup;
			children = (
				11FD30E723B7E71000F55560 /* main.swift */,
				11DF35E023B65AEB009874FE /* AppDelegate.swift */,
				11DF35E223B65AEB009874FE /* SceneDelegate.swift */,
				11DF35EC23B65AED009874FE /* Assets.xcassets */,
				11DF360523B669FE009874FE /* LaunchScreen.storyboard */,
			);
			path = Application;
			sourceTree = "<group>";
		};
		11DF360F23B7E1F6009874FE /* iOSPE-Unit-Tests */ = {
			isa = PBXGroup;
			children = (
				11DF361023B7E1F6009874FE /* iOSPE_Unit_Tests.swift */,
				11DF361223B7E1F6009874FE /* Info.plist */,
			);
			path = "iOSPE-Unit-Tests";
			sourceTree = "<group>";
		};
/* End PBXGroup section */

/* Begin PBXNativeTarget section */
		11DF35DC23B65AEB009874FE /* ios-project-example */ = {
			isa = PBXNativeTarget;
			buildConfigurationList = 11DF35FF23B65AED009874FE /* Build configuration list for PBXNativeTarget "ios-project-example" */;
			buildPhases = (
				11DF35D923B65AEB009874FE /* Sources */,
				11DF35DA23B65AEB009874FE /* Frameworks */,
				11DF35DB23B65AEB009874FE /* Resources */,
			);
			buildRules = (
			);
			dependencies = (
			);
			name = "ios-project-example";
			productName = "ios-project-example";
			productReference = 11DF35DD23B65AEB009874FE /* iOSPE.app */;
			productType = "com.apple.product-type.application";
		};
		11DF360D23B7E1F6009874FE /* iOSPE-Unit-Tests */ = {
			isa = PBXNativeTarget;
			buildConfigurationList = 11DF361723B7E1F6009874FE /* Build configuration list for PBXNativeTarget "iOSPE-Unit-Tests" */;
			buildPhases = (
				11DF360A23B7E1F6009874FE /* Sources */,
				11DF360B23B7E1F6009874FE /* Frameworks */,
				11DF360C23B7E1F6009874FE /* Resources */,
			);
			buildRules = (
			);
			dependencies = (
				11DF361423B7E1F6009874FE /* PBXTargetDependency */,
			);
			name = "iOSPE-Unit-Tests";
			productName = "iOSPE-Unit-Tests";
			productReference = 11DF360E23B7E1F6009874FE /* iOSPE-Unit-Tests.xctest */;
			productType = "com.apple.product-type.bundle.unit-test";
		};
/* End PBXNativeTarget section */

/* Begin PBXProject section */
		11DF35D523B65AEB009874FE /* Project object */ = {
			isa = PBXProject;
			attributes = {
				LastSwiftUpdateCheck = 1100;
				LastUpgradeCheck = 1100;
				ORGANIZATIONNAME = adriaros;
				TargetAttributes = {
					11DF35DC23B65AEB009874FE = {
						CreatedOnToolsVersion = 11.0;
					};
					11DF360D23B7E1F6009874FE = {
						CreatedOnToolsVersion = 11.0;
						TestTargetID = 11DF35DC23B65AEB009874FE;
					};
				};
			};
			buildConfigurationList = 11DF35D823B65AEB009874FE /* Build configuration list for PBXProject "ios-project-example" */;
			compatibilityVersion = "Xcode 9.3";
			developmentRegion = en;
			hasScannedForEncodings = 0;
			knownRegions = (
				en,
				Base,
			);
			mainGroup = 11DF35D423B65AEB009874FE;
			productRefGroup = 11DF35DE23B65AEB009874FE /* Products */;
			projectDirPath = "";
			projectRoot = "";
			targets = (
				11DF35DC23B65AEB009874FE /* ios-project-example */,
				11DF360D23B7E1F6009874FE /* iOSPE-Unit-Tests */,
			);
		};
/* End PBXProject section */

/* Begin PBXResourcesBuildPhase section */
		11DF35DB23B65AEB009874FE /* Resources */ = {
			isa = PBXResourcesBuildPhase;
			buildActionMask = 2147483647;
			files = (
				11DF35ED23B65AED009874FE /* Assets.xcassets in Resources */,
				11DF360623B669FF009874FE /* LaunchScreen.storyboard in Resources */,
			);
			runOnlyForDeploymentPostprocessing = 0;
		};
		11DF360C23B7E1F6009874FE /* Resources */ = {
			isa = PBXResourcesBuildPhase;
			buildActionMask = 2147483647;
			files = (
			);
			runOnlyForDeploymentPostprocessing = 0;
		};
/* End PBXResourcesBuildPhase section */

/* Begin PBXSourcesBuildPhase section */
		11DF35D923B65AEB009874FE /* Sources */ = {
			isa = PBXSourcesBuildPhase;
			buildActionMask = 2147483647;
			files = (
				11DF35EB23B65AEB009874FE /* ios_project_example.xcdatamodeld in Sources */,
				11DF35E123B65AEB009874FE /* AppDelegate.swift in Sources */,
				11FD30E823B7E71000F55560 /* main.swift in Sources */,
				11DF35E323B65AEB009874FE /* SceneDelegate.swift in Sources */,
			);
			runOnlyForDeploymentPostprocessing = 0;
		};
		11DF360A23B7E1F6009874FE /* Sources */ = {
			isa = PBXSourcesBuildPhase;
			buildActionMask = 2147483647;
			files = (
				11DF361123B7E1F6009874FE /* iOSPE_Unit_Tests.swift in Sources */,
			);
			runOnlyForDeploymentPostprocessing = 0;
		};
/* End PBXSourcesBuildPhase section */

/* Begin PBXTargetDependency section */
		11DF361423B7E1F6009874FE /* PBXTargetDependency */ = {
			isa = PBXTargetDependency;
			target = 11DF35DC23B65AEB009874FE /* ios-project-example */;
			targetProxy = 11DF361323B7E1F6009874FE /* PBXContainerItemProxy */;
		};
/* End PBXTargetDependency section */

/* Begin XCBuildConfiguration section */
		11DF35FD23B65AED009874FE /* Debug */ = {
			isa = XCBuildConfiguration;
			buildSettings = {
				ALWAYS_SEARCH_USER_PATHS = NO;
				CLANG_ANALYZER_NONNULL = YES;
				CLANG_ANALYZER_NUMBER_OBJECT_CONVERSION = YES_AGGRESSIVE;
				CLANG_CXX_LANGUAGE_STANDARD = "gnu++14";
				CLANG_CXX_LIBRARY = "libc++";
				CLANG_ENABLE_MODULES = YES;
				CLANG_ENABLE_OBJC_ARC = YES;
				CLANG_ENABLE_OBJC_WEAK = YES;
				CLANG_WARN_BLOCK_CAPTURE_AUTORELEASING = YES;
				CLANG_WARN_BOOL_CONVERSION = YES;
				CLANG_WARN_COMMA = YES;
				CLANG_WARN_CONSTANT_CONVERSION = YES;
				CLANG_WARN_DEPRECATED_OBJC_IMPLEMENTATIONS = YES;
				CLANG_WARN_DIRECT_OBJC_ISA_USAGE = YES_ERROR;
				CLANG_WARN_DOCUMENTATION_COMMENTS = YES;
				CLANG_WARN_EMPTY_BODY = YES;
				CLANG_WARN_ENUM_CONVERSION = YES;
				CLANG_WARN_INFINITE_RECURSION = YES;
				CLANG_WARN_INT_CONVERSION = YES;
				CLANG_WARN_NON_LITERAL_NULL_CONVERSION = YES;
				CLANG_WARN_OBJC_IMPLICIT_RETAIN_SELF = YES;
				CLANG_WARN_OBJC_LITERAL_CONVERSION = YES;
				CLANG_WARN_OBJC_ROOT_CLASS = YES_ERROR;
				CLANG_WARN_RANGE_LOOP_ANALYSIS = YES;
				CLANG_WARN_STRICT_PROTOTYPES = YES;
				CLANG_WARN_SUSPICIOUS_MOVE = YES;
				CLANG_WARN_UNGUARDED_AVAILABILITY = YES_AGGRESSIVE;
				CLANG_WARN_UNREACHABLE_CODE = YES;
				CLANG_WARN__DUPLICATE_METHOD_MATCH = YES;
				COPY_PHASE_STRIP = NO;
				DEBUG_INFORMATION_FORMAT = dwarf;
				ENABLE_STRICT_OBJC_MSGSEND = YES;
				ENABLE_TESTABILITY = YES;
				GCC_C_LANGUAGE_STANDARD = gnu11;
				GCC_DYNAMIC_NO_PIC = NO;
				GCC_NO_COMMON_BLOCKS = YES;
				GCC_OPTIMIZATION_LEVEL = 0;
				GCC_PREPROCESSOR_DEFINITIONS = (
					"DEBUG=1",
					"$(inherited)",
				);
				GCC_WARN_64_TO_32_BIT_CONVERSION = YES;
				GCC_WARN_ABOUT_RETURN_TYPE = YES_ERROR;
				GCC_WARN_UNDECLARED_SELECTOR = YES;
				GCC_WARN_UNINITIALIZED_AUTOS = YES_AGGRESSIVE;
				GCC_WARN_UNUSED_FUNCTION = YES;
				GCC_WARN_UNUSED_VARIABLE = YES;
				IPHONEOS_DEPLOYMENT_TARGET = 13.0;
				MTL_ENABLE_DEBUG_INFO = INCLUDE_SOURCE;
				MTL_FAST_MATH = YES;
				ONLY_ACTIVE_ARCH = YES;
				SDKROOT = iphoneos;
				SWIFT_ACTIVE_COMPILATION_CONDITIONS = DEBUG;
				SWIFT_OPTIMIZATION_LEVEL = "-Onone";
				TARGETED_DEVICE_FAMILY = "1,2";
			};
			name = Debug;
		};
		11DF35FE23B65AED009874FE /* Release */ = {
			isa = XCBuildConfiguration;
			buildSettings = {
				ALWAYS_SEARCH_USER_PATHS = NO;
				CLANG_ANALYZER_NONNULL = YES;
				CLANG_ANALYZER_NUMBER_OBJECT_CONVERSION = YES_AGGRESSIVE;
				CLANG_CXX_LANGUAGE_STANDARD = "gnu++14";
				CLANG_CXX_LIBRARY = "libc++";
				CLANG_ENABLE_MODULES = YES;
				CLANG_ENABLE_OBJC_ARC = YES;
				CLANG_ENABLE_OBJC_WEAK = YES;
				CLANG_WARN_BLOCK_CAPTURE_AUTORELEASING = YES;
				CLANG_WARN_BOOL_CONVERSION = YES;
				CLANG_WARN_COMMA = YES;
				CLANG_WARN_CONSTANT_CONVERSION = YES;
				CLANG_WARN_DEPRECATED_OBJC_IMPLEMENTATIONS = YES;
				CLANG_WARN_DIRECT_OBJC_ISA_USAGE = YES_ERROR;
				CLANG_WARN_DOCUMENTATION_COMMENTS = YES;
				CLANG_WARN_EMPTY_BODY = YES;
				CLANG_WARN_ENUM_CONVERSION = YES;
				CLANG_WARN_INFINITE_RECURSION = YES;
				CLANG_WARN_INT_CONVERSION = YES;
				CLANG_WARN_NON_LITERAL_NULL_CONVERSION = YES;
				CLANG_WARN_OBJC_IMPLICIT_RETAIN_SELF = YES;
				CLANG_WARN_OBJC_LITERAL_CONVERSION = YES;
				CLANG_WARN_OBJC_ROOT_CLASS = YES_ERROR;
				CLANG_WARN_RANGE_LOOP_ANALYSIS = YES;
				CLANG_WARN_STRICT_PROTOTYPES = YES;
				CLANG_WARN_SUSPICIOUS_MOVE = YES;
				CLANG_WARN_UNGUARDED_AVAILABILITY = YES_AGGRESSIVE;
				CLANG_WARN_UNREACHABLE_CODE = YES;
				CLANG_WARN__DUPLICATE_METHOD_MATCH = YES;
				COPY_PHASE_STRIP = NO;
				DEBUG_INFORMATION_FORMAT = "dwarf-with-dsym";
				ENABLE_NS_ASSERTIONS = NO;
				ENABLE_STRICT_OBJC_MSGSEND = YES;
				GCC_C_LANGUAGE_STANDARD = gnu11;
				GCC_NO_COMMON_BLOCKS = YES;
				GCC_WARN_64_TO_32_BIT_CONVERSION = YES;
				GCC_WARN_ABOUT_RETURN_TYPE = YES_ERROR;
				GCC_WARN_UNDECLARED_SELECTOR = YES;
				GCC_WARN_UNINITIALIZED_AUTOS = YES_AGGRESSIVE;
				GCC_WARN_UNUSED_FUNCTION = YES;
				GCC_WARN_UNUSED_VARIABLE = YES;
				IPHONEOS_DEPLOYMENT_TARGET = 13.0;
				MTL_ENABLE_DEBUG_INFO = NO;
				MTL_FAST_MATH = YES;
				SDKROOT = iphoneos;
				SWIFT_COMPILATION_MODE = wholemodule;
				SWIFT_OPTIMIZATION_LEVEL = "-O";
				TARGETED_DEVICE_FAMILY = "1,2";
				VALIDATE_PRODUCT = YES;
			};
			name = Release;
		};
		11DF360023B65AED009874FE /* Debug */ = {
			isa = XCBuildConfiguration;
			buildSettings = {
				ASSETCATALOG_COMPILER_APPICON_NAME = AppIcon;
				CODE_SIGN_STYLE = Automatic;
				DEVELOPMENT_TEAM = JGR9WTFVLU;
				INFOPLIST_FILE = "ios-project-example/Info.plist";
				LD_RUNPATH_SEARCH_PATHS = (
					"$(inherited)",
					"@executable_path/Frameworks",
				);
				PRODUCT_BUNDLE_IDENTIFIER = "adriaros.ios-project-example";
				PRODUCT_NAME = iOSPE;
				SWIFT_VERSION = 5.0;
				TARGETED_DEVICE_FAMILY = "1,2";
			};
			name = Debug;
		};
		11DF360123B65AED009874FE /* Release */ = {
			isa = XCBuildConfiguration;
			buildSettings = {
				ASSETCATALOG_COMPILER_APPICON_NAME = AppIcon;
				CODE_SIGN_STYLE = Automatic;
				DEVELOPMENT_TEAM = JGR9WTFVLU;
				INFOPLIST_FILE = "ios-project-example/Info.plist";
				LD_RUNPATH_SEARCH_PATHS = (
					"$(inherited)",
					"@executable_path/Frameworks",
				);
				PRODUCT_BUNDLE_IDENTIFIER = "adriaros.ios-project-example";
				PRODUCT_NAME = iOSPE;
				SWIFT_VERSION = 5.0;
				TARGETED_DEVICE_FAMILY = "1,2";
			};
			name = Release;
		};
		11DF361523B7E1F6009874FE /* Debug */ = {
			isa = XCBuildConfiguration;
			buildSettings = {
				BUNDLE_LOADER = "$(TEST_HOST)";
				CODE_SIGN_STYLE = Automatic;
				DEVELOPMENT_TEAM = JGR9WTFVLU;
				INFOPLIST_FILE = "iOSPE-Unit-Tests/Info.plist";
				LD_RUNPATH_SEARCH_PATHS = (
					"$(inherited)",
					"@executable_path/Frameworks",
					"@loader_path/Frameworks",
				);
				PRODUCT_BUNDLE_IDENTIFIER = "adriaros.iOSPE-Unit-Tests";
				PRODUCT_NAME = "$(TARGET_NAME)";
				SWIFT_VERSION = 5.0;
				TARGETED_DEVICE_FAMILY = "1,2";
				TEST_HOST = "$(BUILT_PRODUCTS_DIR)/iOSPE.app/iOSPE";
			};
			name = Debug;
		};
		11DF361623B7E1F6009874FE /* Release */ = {
			isa = XCBuildConfiguration;
			buildSettings = {
				BUNDLE_LOADER = "$(TEST_HOST)";
				CODE_SIGN_STYLE = Automatic;
				DEVELOPMENT_TEAM = JGR9WTFVLU;
				INFOPLIST_FILE = "iOSPE-Unit-Tests/Info.plist";
				LD_RUNPATH_SEARCH_PATHS = (
					"$(inherited)",
					"@executable_path/Frameworks",
					"@loader_path/Frameworks",
				);
				PRODUCT_BUNDLE_IDENTIFIER = "adriaros.iOSPE-Unit-Tests";
				PRODUCT_NAME = "$(TARGET_NAME)";
				SWIFT_VERSION = 5.0;
				TARGETED_DEVICE_FAMILY = "1,2";
				TEST_HOST = "$(BUILT_PRODUCTS_DIR)/iOSPE.app/iOSPE";
			};
			name = Release;
		};
/* End XCBuildConfiguration section */

/* Begin XCConfigurationList section */
		11DF35D823B65AEB009874FE /* Build configuration list for PBXProject "ios-project-example" */ = {
			isa = XCConfigurationList;
			buildConfigurations = (
				11DF35FD23B65AED009874FE /* Debug */,
				11DF35FE23B65AED009874FE /* Release */,
			);
			defaultConfigurationIsVisible = 0;
			defaultConfigurationName = Release;
		};
		11DF35FF23B65AED009874FE /* Build configuration list for PBXNativeTarget "ios-project-example" */ = {
			isa = XCConfigurationList;
			buildConfigurations = (
				11DF360023B65AED009874FE /* Debug */,
				11DF360123B65AED009874FE /* Release */,
			);
			defaultConfigurationIsVisible = 0;
			defaultConfigurationName = Release;
		};
		11DF361723B7E1F6009874FE /* Build configuration list for PBXNativeTarget "iOSPE-Unit-Tests" */ = {
			isa = XCConfigurationList;
			buildConfigurations = (
				11DF361523B7E1F6009874FE /* Debug */,
				11DF361623B7E1F6009874FE /* Release */,
			);
			defaultConfigurationIsVisible = 0;
			defaultConfigurationName = Release;
		};
/* End XCConfigurationList section */

/* Begin XCVersionGroup section */
		11DF35E923B65AEB009874FE /* ios_project_example.xcdatamodeld */ = {
			isa = XCVersionGroup;
			children = (
				11DF35EA23B65AEB009874FE /* ios_project_example.xcdatamodel */,
			);
			currentVersion = 11DF35EA23B65AEB009874FE /* ios_project_example.xcdatamodel */;
			path = ios_project_example.xcdatamodeld;
			sourceTree = "<group>";
			versionGroupType = wrapper.xcdatamodel;
		};
/* End XCVersionGroup section */
	};
	rootObject = 11DF35D523B65AEB009874FE /* Project object */;
}
